// !$*UTF8*$!
{
	archiveVersion = 1;
	classes = {
	};
	objectVersion = 50;
	objects = {

/* Begin PBXBuildFile section */
		135749B3240007AD00851B36 /* DataFetcherService.swift in Sources */ = {isa = PBXBuildFile; fileRef = 135749B2240007AD00851B36 /* DataFetcherService.swift */; };
		13E1993D235DBDFC00A55298 /* AppDelegate.swift in Sources */ = {isa = PBXBuildFile; fileRef = 13E1993C235DBDFC00A55298 /* AppDelegate.swift */; };
		13E19946235DBDFD00A55298 /* Assets.xcassets in Resources */ = {isa = PBXBuildFile; fileRef = 13E19945235DBDFD00A55298 /* Assets.xcassets */; };
		13E19949235DBDFD00A55298 /* LaunchScreen.storyboard in Resources */ = {isa = PBXBuildFile; fileRef = 13E19947235DBDFD00A55298 /* LaunchScreen.storyboard */; };
		13E19952235DBE2D00A55298 /* StoryboardInitializable.swift in Sources */ = {isa = PBXBuildFile; fileRef = 13E19951235DBE2D00A55298 /* StoryboardInitializable.swift */; };
		13E19972235DC35D00A55298 /* HomeViewController.swift in Sources */ = {isa = PBXBuildFile; fileRef = 13E19971235DC35D00A55298 /* HomeViewController.swift */; };
		13E19974235DC3B000A55298 /* HomeViewModel.swift in Sources */ = {isa = PBXBuildFile; fileRef = 13E19973235DC3B000A55298 /* HomeViewModel.swift */; };
		13E1997A235DC4DD00A55298 /* HomeCollectionView.swift in Sources */ = {isa = PBXBuildFile; fileRef = 13E19979235DC4DD00A55298 /* HomeCollectionView.swift */; };
		13E1997C235DC52500A55298 /* HomeCollectionViewCell.swift in Sources */ = {isa = PBXBuildFile; fileRef = 13E1997B235DC52500A55298 /* HomeCollectionViewCell.swift */; };
		13E1997F235DC55400A55298 /* Constants.swift in Sources */ = {isa = PBXBuildFile; fileRef = 13E1997E235DC55400A55298 /* Constants.swift */; };
		13E19981235DC57C00A55298 /* Constraints.swift in Sources */ = {isa = PBXBuildFile; fileRef = 13E19980235DC57C00A55298 /* Constraints.swift */; };
		13E19983235DC58B00A55298 /* UIButton + Custom.swift in Sources */ = {isa = PBXBuildFile; fileRef = 13E19982235DC58B00A55298 /* UIButton + Custom.swift */; };
		13E19985235DC59D00A55298 /* UIColor + random.swift in Sources */ = {isa = PBXBuildFile; fileRef = 13E19984235DC59D00A55298 /* UIColor + random.swift */; };
		13E19987235DC5B200A55298 /* WebImageView.swift in Sources */ = {isa = PBXBuildFile; fileRef = 13E19986235DC5B200A55298 /* WebImageView.swift */; };
		13E1998B235DCE9D00A55298 /* HomeCollectionViewViewModel.swift in Sources */ = {isa = PBXBuildFile; fileRef = 13E1998A235DCE9C00A55298 /* HomeCollectionViewViewModel.swift */; };
		13E1998D235DCF5600A55298 /* HomeCollectionViewCellViewModel.swift in Sources */ = {isa = PBXBuildFile; fileRef = 13E1998C235DCF5600A55298 /* HomeCollectionViewCellViewModel.swift */; };
		13E1998F235DD18100A55298 /* AppleMusicRSS.swift in Sources */ = {isa = PBXBuildFile; fileRef = 13E1998E235DD18100A55298 /* AppleMusicRSS.swift */; };
		13E19992235DDAE600A55298 /* NetworkService.swift in Sources */ = {isa = PBXBuildFile; fileRef = 13E19991235DDAE600A55298 /* NetworkService.swift */; };
		13E19994235DDAFB00A55298 /* NetworkDataFetcher.swift in Sources */ = {isa = PBXBuildFile; fileRef = 13E19993235DDAFB00A55298 /* NetworkDataFetcher.swift */; };
		13E1999C235DF6DB00A55298 /* DetailsViewController.swift in Sources */ = {isa = PBXBuildFile; fileRef = 13E1999B235DF6DB00A55298 /* DetailsViewController.swift */; };
/* End PBXBuildFile section */

/* Begin PBXFileReference section */
		135749B2240007AD00851B36 /* DataFetcherService.swift */ = {isa = PBXFileReference; lastKnownFileType = sourcecode.swift; path = DataFetcherService.swift; sourceTree = "<group>"; };
		13E19939235DBDFC00A55298 /* mvvm.app */ = {isa = PBXFileReference; explicitFileType = wrapper.application; includeInIndex = 0; path = mvvm.app; sourceTree = BUILT_PRODUCTS_DIR; };
		13E1993C235DBDFC00A55298 /* AppDelegate.swift */ = {isa = PBXFileReference; lastKnownFileType = sourcecode.swift; path = AppDelegate.swift; sourceTree = "<group>"; };
		13E19945235DBDFD00A55298 /* Assets.xcassets */ = {isa = PBXFileReference; lastKnownFileType = folder.assetcatalog; path = Assets.xcassets; sourceTree = "<group>"; };
		13E19948235DBDFD00A55298 /* Base */ = {isa = PBXFileReference; lastKnownFileType = file.storyboard; name = Base; path = Base.lproj/LaunchScreen.storyboard; sourceTree = "<group>"; };
		13E1994A235DBDFD00A55298 /* Info.plist */ = {isa = PBXFileReference; lastKnownFileType = text.plist.xml; path = Info.plist; sourceTree = "<group>"; };
		13E19951235DBE2D00A55298 /* StoryboardInitializable.swift */ = {isa = PBXFileReference; lastKnownFileType = sourcecode.swift; path = StoryboardInitializable.swift; sourceTree = "<group>"; };
		13E19971235DC35D00A55298 /* HomeViewController.swift */ = {isa = PBXFileReference; lastKnownFileType = sourcecode.swift; path = HomeViewController.swift; sourceTree = "<group>"; };
		13E19973235DC3B000A55298 /* HomeViewModel.swift */ = {isa = PBXFileReference; lastKnownFileType = sourcecode.swift; path = HomeViewModel.swift; sourceTree = "<group>"; };
		13E19979235DC4DD00A55298 /* HomeCollectionView.swift */ = {isa = PBXFileReference; lastKnownFileType = sourcecode.swift; path = HomeCollectionView.swift; sourceTree = "<group>"; };
		13E1997B235DC52500A55298 /* HomeCollectionViewCell.swift */ = {isa = PBXFileReference; lastKnownFileType = sourcecode.swift; path = HomeCollectionViewCell.swift; sourceTree = "<group>"; };
		13E1997E235DC55400A55298 /* Constants.swift */ = {isa = PBXFileReference; lastKnownFileType = sourcecode.swift; path = Constants.swift; sourceTree = "<group>"; };
		13E19980235DC57C00A55298 /* Constraints.swift */ = {isa = PBXFileReference; lastKnownFileType = sourcecode.swift; path = Constraints.swift; sourceTree = "<group>"; };
		13E19982235DC58B00A55298 /* UIButton + Custom.swift */ = {isa = PBXFileReference; lastKnownFileType = sourcecode.swift; path = "UIButton + Custom.swift"; sourceTree = "<group>"; };
		13E19984235DC59D00A55298 /* UIColor + random.swift */ = {isa = PBXFileReference; lastKnownFileType = sourcecode.swift; path = "UIColor + random.swift"; sourceTree = "<group>"; };
		13E19986235DC5B200A55298 /* WebImageView.swift */ = {isa = PBXFileReference; lastKnownFileType = sourcecode.swift; path = WebImageView.swift; sourceTree = "<group>"; };
		13E1998A235DCE9C00A55298 /* HomeCollectionViewViewModel.swift */ = {isa = PBXFileReference; lastKnownFileType = sourcecode.swift; path = HomeCollectionViewViewModel.swift; sourceTree = "<group>"; };
		13E1998C235DCF5600A55298 /* HomeCollectionViewCellViewModel.swift */ = {isa = PBXFileReference; lastKnownFileType = sourcecode.swift; path = HomeCollectionViewCellViewModel.swift; sourceTree = "<group>"; };
		13E1998E235DD18100A55298 /* AppleMusicRSS.swift */ = {isa = PBXFileReference; lastKnownFileType = sourcecode.swift; path = AppleMusicRSS.swift; sourceTree = "<group>"; };
		13E19991235DDAE600A55298 /* NetworkService.swift */ = {isa = PBXFileReference; lastKnownFileType = sourcecode.swift; path = NetworkService.swift; sourceTree = "<group>"; };
		13E19993235DDAFB00A55298 /* NetworkDataFetcher.swift */ = {isa = PBXFileReference; lastKnownFileType = sourcecode.swift; path = NetworkDataFetcher.swift; sourceTree = "<group>"; };
		13E1999B235DF6DB00A55298 /* DetailsViewController.swift */ = {isa = PBXFileReference; lastKnownFileType = sourcecode.swift; path = DetailsViewController.swift; sourceTree = "<group>"; };
/* End PBXFileReference section */

/* Begin PBXFrameworksBuildPhase section */
		13E19936235DBDFC00A55298 /* Frameworks */ = {
			isa = PBXFrameworksBuildPhase;
			buildActionMask = 2147483647;
			files = (
			);
			runOnlyForDeploymentPostprocessing = 0;
		};
/* End PBXFrameworksBuildPhase section */

/* Begin PBXGroup section */
		13E19930235DBDFC00A55298 = {
			isa = PBXGroup;
			children = (
				13E1993B235DBDFC00A55298 /* mvvm */,
				13E1993A235DBDFC00A55298 /* Products */,
			);
			sourceTree = "<group>";
		};
		13E1993A235DBDFC00A55298 /* Products */ = {
			isa = PBXGroup;
			children = (
				13E19939235DBDFC00A55298 /* mvvm.app */,
			);
			name = Products;
			sourceTree = "<group>";
		};
		13E1993B235DBDFC00A55298 /* mvvm */ = {
			isa = PBXGroup;
			children = (
				13E1993C235DBDFC00A55298 /* AppDelegate.swift */,
				13E19950235DBE1600A55298 /* Library */,
				13E19990235DD82500A55298 /* Service */,
				13E19953235DBE3800A55298 /* Screens */,
				13E1997D235DC53D00A55298 /* Helpers */,
				13E19945235DBDFD00A55298 /* Assets.xcassets */,
				13E19947235DBDFD00A55298 /* LaunchScreen.storyboard */,
				13E1994A235DBDFD00A55298 /* Info.plist */,
			);
			path = mvvm;
			sourceTree = "<group>";
		};
		13E19950235DBE1600A55298 /* Library */ = {
			isa = PBXGroup;
			children = (
				13E19951235DBE2D00A55298 /* StoryboardInitializable.swift */,
			);
			path = Library;
			sourceTree = "<group>";
		};
		13E19953235DBE3800A55298 /* Screens */ = {
			isa = PBXGroup;
			children = (
				13E19954235DBE4000A55298 /* Home */,
				13E19997235DF68500A55298 /* Details */,
			);
			path = Screens;
			sourceTree = "<group>";
		};
		13E19954235DBE4000A55298 /* Home */ = {
			isa = PBXGroup;
			children = (
				13E19958235DBE6600A55298 /* Model */,
				13E19957235DBE5F00A55298 /* View */,
				13E19956235DBE4D00A55298 /* ViewModel */,
			);
			path = Home;
			sourceTree = "<group>";
		};
		13E19956235DBE4D00A55298 /* ViewModel */ = {
			isa = PBXGroup;
			children = (
				13E19973235DC3B000A55298 /* HomeViewModel.swift */,
				13E1998A235DCE9C00A55298 /* HomeCollectionViewViewModel.swift */,
				13E1998C235DCF5600A55298 /* HomeCollectionViewCellViewModel.swift */,
			);
			path = ViewModel;
			sourceTree = "<group>";
		};
		13E19957235DBE5F00A55298 /* View */ = {
			isa = PBXGroup;
			children = (
				13E19971235DC35D00A55298 /* HomeViewController.swift */,
				13E19979235DC4DD00A55298 /* HomeCollectionView.swift */,
				13E1997B235DC52500A55298 /* HomeCollectionViewCell.swift */,
			);
			path = View;
			sourceTree = "<group>";
		};
		13E19958235DBE6600A55298 /* Model */ = {
			isa = PBXGroup;
			children = (
				13E1998E235DD18100A55298 /* AppleMusicRSS.swift */,
			);
			path = Model;
			sourceTree = "<group>";
		};
		13E1997D235DC53D00A55298 /* Helpers */ = {
			isa = PBXGroup;
			children = (
				13E1997E235DC55400A55298 /* Constants.swift */,
				13E19980235DC57C00A55298 /* Constraints.swift */,
				13E19982235DC58B00A55298 /* UIButton + Custom.swift */,
				13E19984235DC59D00A55298 /* UIColor + random.swift */,
				13E19986235DC5B200A55298 /* WebImageView.swift */,
			);
			path = Helpers;
			sourceTree = "<group>";
		};
		13E19990235DD82500A55298 /* Service */ = {
			isa = PBXGroup;
			children = (
				13E19991235DDAE600A55298 /* NetworkService.swift */,
				13E19993235DDAFB00A55298 /* NetworkDataFetcher.swift */,
				135749B2240007AD00851B36 /* DataFetcherService.swift */,
			);
			path = Service;
			sourceTree = "<group>";
		};
		13E19997235DF68500A55298 /* Details */ = {
			isa = PBXGroup;
			children = (
				13E1999B235DF6DB00A55298 /* DetailsViewController.swift */,
			);
			path = Details;
			sourceTree = "<group>";
		};
/* End PBXGroup section */

/* Begin PBXNativeTarget section */
		13E19938235DBDFC00A55298 /* mvvm */ = {
			isa = PBXNativeTarget;
			buildConfigurationList = 13E1994D235DBDFD00A55298 /* Build configuration list for PBXNativeTarget "mvvm" */;
			buildPhases = (
				13E19935235DBDFC00A55298 /* Sources */,
				13E19936235DBDFC00A55298 /* Frameworks */,
				13E19937235DBDFC00A55298 /* Resources */,
			);
			buildRules = (
			);
			dependencies = (
			);
			name = mvvm;
			productName = mvvm;
			productReference = 13E19939235DBDFC00A55298 /* mvvm.app */;
			productType = "com.apple.product-type.application";
		};
/* End PBXNativeTarget section */

/* Begin PBXProject section */
		13E19931235DBDFC00A55298 /* Project object */ = {
			isa = PBXProject;
			attributes = {
				LastSwiftUpdateCheck = 1110;
				LastUpgradeCheck = 1110;
				ORGANIZATIONNAME = "Максим Спиридонов";
				TargetAttributes = {
					13E19938235DBDFC00A55298 = {
						CreatedOnToolsVersion = 11.1;
					};
				};
			};
			buildConfigurationList = 13E19934235DBDFC00A55298 /* Build configuration list for PBXProject "mvvm" */;
			compatibilityVersion = "Xcode 9.3";
			developmentRegion = en;
			hasScannedForEncodings = 0;
			knownRegions = (
				en,
				Base,
			);
			mainGroup = 13E19930235DBDFC00A55298;
			productRefGroup = 13E1993A235DBDFC00A55298 /* Products */;
			projectDirPath = "";
			projectRoot = "";
			targets = (
				13E19938235DBDFC00A55298 /* mvvm */,
			);
		};
/* End PBXProject section */

/* Begin PBXResourcesBuildPhase section */
		13E19937235DBDFC00A55298 /* Resources */ = {
			isa = PBXResourcesBuildPhase;
			buildActionMask = 2147483647;
			files = (
				13E19949235DBDFD00A55298 /* LaunchScreen.storyboard in Resources */,
				13E19946235DBDFD00A55298 /* Assets.xcassets in Resources */,
			);
			runOnlyForDeploymentPostprocessing = 0;
		};
/* End PBXResourcesBuildPhase section */

/* Begin PBXSourcesBuildPhase section */
		13E19935235DBDFC00A55298 /* Sources */ = {
			isa = PBXSourcesBuildPhase;
			buildActionMask = 2147483647;
			files = (
				13E1998D235DCF5600A55298 /* HomeCollectionViewCellViewModel.swift in Sources */,
				13E1998F235DD18100A55298 /* AppleMusicRSS.swift in Sources */,
				13E19987235DC5B200A55298 /* WebImageView.swift in Sources */,
				13E1997A235DC4DD00A55298 /* HomeCollectionView.swift in Sources */,
				13E1993D235DBDFC00A55298 /* AppDelegate.swift in Sources */,
				13E19985235DC59D00A55298 /* UIColor + random.swift in Sources */,
				13E1998B235DCE9D00A55298 /* HomeCollectionViewViewModel.swift in Sources */,
				13E19981235DC57C00A55298 /* Constraints.swift in Sources */,
				13E19952235DBE2D00A55298 /* StoryboardInitializable.swift in Sources */,
				13E19994235DDAFB00A55298 /* NetworkDataFetcher.swift in Sources */,
				13E19983235DC58B00A55298 /* UIButton + Custom.swift in Sources */,
				13E19992235DDAE600A55298 /* NetworkService.swift in Sources */,
				13E1999C235DF6DB00A55298 /* DetailsViewController.swift in Sources */,
				13E19972235DC35D00A55298 /* HomeViewController.swift in Sources */,
				13E19974235DC3B000A55298 /* HomeViewModel.swift in Sources */,
				135749B3240007AD00851B36 /* DataFetcherService.swift in Sources */,
				13E1997C235DC52500A55298 /* HomeCollectionViewCell.swift in Sources */,
				13E1997F235DC55400A55298 /* Constants.swift in Sources */,
			);
			runOnlyForDeploymentPostprocessing = 0;
		};
/* End PBXSourcesBuildPhase section */

/* Begin PBXVariantGroup section */
		13E19947235DBDFD00A55298 /* LaunchScreen.storyboard */ = {
			isa = PBXVariantGroup;
			children = (
				13E19948235DBDFD00A55298 /* Base */,
			);
			name = LaunchScreen.storyboard;
			sourceTree = "<group>";
		};
/* End PBXVariantGroup section */

/* Begin XCBuildConfiguration section */
		13E1994B235DBDFD00A55298 /* Debug */ = {
			isa = XCBuildConfiguration;
			buildSettings = {
				ALWAYS_SEARCH_USER_PATHS = NO;
				CLANG_ANALYZER_NONNULL = YES;
				CLANG_ANALYZER_NUMBER_OBJECT_CONVERSION = YES_AGGRESSIVE;
				CLANG_CXX_LANGUAGE_STANDARD = "gnu++14";
				CLANG_CXX_LIBRARY = "libc++";
				CLANG_ENABLE_MODULES = YES;
				CLANG_ENABLE_OBJC_ARC = YES;
				CLANG_ENABLE_OBJC_WEAK = YES;
				CLANG_WARN_BLOCK_CAPTURE_AUTORELEASING = YES;
				CLANG_WARN_BOOL_CONVERSION = YES;
				CLANG_WARN_COMMA = YES;
				CLANG_WARN_CONSTANT_CONVERSION = YES;
				CLANG_WARN_DEPRECATED_OBJC_IMPLEMENTATIONS = YES;
				CLANG_WARN_DIRECT_OBJC_ISA_USAGE = YES_ERROR;
				CLANG_WARN_DOCUMENTATION_COMMENTS = YES;
				CLANG_WARN_EMPTY_BODY = YES;
				CLANG_WARN_ENUM_CONVERSION = YES;
				CLANG_WARN_INFINITE_RECURSION = YES;
				CLANG_WARN_INT_CONVERSION = YES;
				CLANG_WARN_NON_LITERAL_NULL_CONVERSION = YES;
				CLANG_WARN_OBJC_IMPLICIT_RETAIN_SELF = YES;
				CLANG_WARN_OBJC_LITERAL_CONVERSION = YES;
				CLANG_WARN_OBJC_ROOT_CLASS = YES_ERROR;
				CLANG_WARN_RANGE_LOOP_ANALYSIS = YES;
				CLANG_WARN_STRICT_PROTOTYPES = YES;
				CLANG_WARN_SUSPICIOUS_MOVE = YES;
				CLANG_WARN_UNGUARDED_AVAILABILITY = YES_AGGRESSIVE;
				CLANG_WARN_UNREACHABLE_CODE = YES;
				CLANG_WARN__DUPLICATE_METHOD_MATCH = YES;
				COPY_PHASE_STRIP = NO;
				DEBUG_INFORMATION_FORMAT = dwarf;
				ENABLE_STRICT_OBJC_MSGSEND = YES;
				ENABLE_TESTABILITY = YES;
				GCC_C_LANGUAGE_STANDARD = gnu11;
				GCC_DYNAMIC_NO_PIC = NO;
				GCC_NO_COMMON_BLOCKS = YES;
				GCC_OPTIMIZATION_LEVEL = 0;
				GCC_PREPROCESSOR_DEFINITIONS = (
					"DEBUG=1",
					"$(inherited)",
				);
				GCC_WARN_64_TO_32_BIT_CONVERSION = YES;
				GCC_WARN_ABOUT_RETURN_TYPE = YES_ERROR;
				GCC_WARN_UNDECLARED_SELECTOR = YES;
				GCC_WARN_UNINITIALIZED_AUTOS = YES_AGGRESSIVE;
				GCC_WARN_UNUSED_FUNCTION = YES;
				GCC_WARN_UNUSED_VARIABLE = YES;
				IPHONEOS_DEPLOYMENT_TARGET = 13.1;
				MTL_ENABLE_DEBUG_INFO = INCLUDE_SOURCE;
				MTL_FAST_MATH = YES;
				ONLY_ACTIVE_ARCH = YES;
				SDKROOT = iphoneos;
				SWIFT_ACTIVE_COMPILATION_CONDITIONS = DEBUG;
				SWIFT_OPTIMIZATION_LEVEL = "-Onone";
			};
			name = Debug;
		};
		13E1994C235DBDFD00A55298 /* Release */ = {
			isa = XCBuildConfiguration;
			buildSettings = {
				ALWAYS_SEARCH_USER_PATHS = NO;
				CLANG_ANALYZER_NONNULL = YES;
				CLANG_ANALYZER_NUMBER_OBJECT_CONVERSION = YES_AGGRESSIVE;
				CLANG_CXX_LANGUAGE_STANDARD = "gnu++14";
				CLANG_CXX_LIBRARY = "libc++";
				CLANG_ENABLE_MODULES = YES;
				CLANG_ENABLE_OBJC_ARC = YES;
				CLANG_ENABLE_OBJC_WEAK = YES;
				CLANG_WARN_BLOCK_CAPTURE_AUTORELEASING = YES;
				CLANG_WARN_BOOL_CONVERSION = YES;
				CLANG_WARN_COMMA = YES;
				CLANG_WARN_CONSTANT_CONVERSION = YES;
				CLANG_WARN_DEPRECATED_OBJC_IMPLEMENTATIONS = YES;
				CLANG_WARN_DIRECT_OBJC_ISA_USAGE = YES_ERROR;
				CLANG_WARN_DOCUMENTATION_COMMENTS = YES;
				CLANG_WARN_EMPTY_BODY = YES;
				CLANG_WARN_ENUM_CONVERSION = YES;
				CLANG_WARN_INFINITE_RECURSION = YES;
				CLANG_WARN_INT_CONVERSION = YES;
				CLANG_WARN_NON_LITERAL_NULL_CONVERSION = YES;
				CLANG_WARN_OBJC_IMPLICIT_RETAIN_SELF = YES;
				CLANG_WARN_OBJC_LITERAL_CONVERSION = YES;
				CLANG_WARN_OBJC_ROOT_CLASS = YES_ERROR;
				CLANG_WARN_RANGE_LOOP_ANALYSIS = YES;
				CLANG_WARN_STRICT_PROTOTYPES = YES;
				CLANG_WARN_SUSPICIOUS_MOVE = YES;
				CLANG_WARN_UNGUARDED_AVAILABILITY = YES_AGGRESSIVE;
				CLANG_WARN_UNREACHABLE_CODE = YES;
				CLANG_WARN__DUPLICATE_METHOD_MATCH = YES;
				COPY_PHASE_STRIP = NO;
				DEBUG_INFORMATION_FORMAT = "dwarf-with-dsym";
				ENABLE_NS_ASSERTIONS = NO;
				ENABLE_STRICT_OBJC_MSGSEND = YES;
				GCC_C_LANGUAGE_STANDARD = gnu11;
				GCC_NO_COMMON_BLOCKS = YES;
				GCC_WARN_64_TO_32_BIT_CONVERSION = YES;
				GCC_WARN_ABOUT_RETURN_TYPE = YES_ERROR;
				GCC_WARN_UNDECLARED_SELECTOR = YES;
				GCC_WARN_UNINITIALIZED_AUTOS = YES_AGGRESSIVE;
				GCC_WARN_UNUSED_FUNCTION = YES;
				GCC_WARN_UNUSED_VARIABLE = YES;
				IPHONEOS_DEPLOYMENT_TARGET = 13.1;
				MTL_ENABLE_DEBUG_INFO = NO;
				MTL_FAST_MATH = YES;
				SDKROOT = iphoneos;
				SWIFT_COMPILATION_MODE = wholemodule;
				SWIFT_OPTIMIZATION_LEVEL = "-O";
				VALIDATE_PRODUCT = YES;
			};
			name = Release;
		};
		13E1994E235DBDFD00A55298 /* Debug */ = {
			isa = XCBuildConfiguration;
			buildSettings = {
				ASSETCATALOG_COMPILER_APPICON_NAME = AppIcon;
				CODE_SIGN_STYLE = Automatic;
				DEVELOPMENT_TEAM = C8F3CLJ592;
				INFOPLIST_FILE = mvvm/Info.plist;
				LD_RUNPATH_SEARCH_PATHS = (
					"$(inherited)",
					"@executable_path/Frameworks",
				);
				PRODUCT_BUNDLE_IDENTIFIER = taijased.mvvm;
				PRODUCT_NAME = "$(TARGET_NAME)";
				SWIFT_VERSION = 5.0;
				TARGETED_DEVICE_FAMILY = 1;
			};
			name = Debug;
		};
		13E1994F235DBDFD00A55298 /* Release */ = {
			isa = XCBuildConfiguration;
			buildSettings = {
				ASSETCATALOG_COMPILER_APPICON_NAME = AppIcon;
				CODE_SIGN_STYLE = Automatic;
				DEVELOPMENT_TEAM = C8F3CLJ592;
				INFOPLIST_FILE = mvvm/Info.plist;
				LD_RUNPATH_SEARCH_PATHS = (
					"$(inherited)",
					"@executable_path/Frameworks",
				);
				PRODUCT_BUNDLE_IDENTIFIER = taijased.mvvm;
				PRODUCT_NAME = "$(TARGET_NAME)";
				SWIFT_VERSION = 5.0;
				TARGETED_DEVICE_FAMILY = 1;
			};
			name = Release;
		};
/* End XCBuildConfiguration section */

/* Begin XCConfigurationList section */
		13E19934235DBDFC00A55298 /* Build configuration list for PBXProject "mvvm" */ = {
			isa = XCConfigurationList;
			buildConfigurations = (
				13E1994B235DBDFD00A55298 /* Debug */,
				13E1994C235DBDFD00A55298 /* Release */,
			);
			defaultConfigurationIsVisible = 0;
			defaultConfigurationName = Release;
		};
		13E1994D235DBDFD00A55298 /* Build configuration list for PBXNativeTarget "mvvm" */ = {
			isa = XCConfigurationList;
			buildConfigurations = (
				13E1994E235DBDFD00A55298 /* Debug */,
				13E1994F235DBDFD00A55298 /* Release */,
			);
			defaultConfigurationIsVisible = 0;
			defaultConfigurationName = Release;
		};
/* End XCConfigurationList section */
	};
	rootObject = 13E19931235DBDFC00A55298 /* Project object */;
}
